
Microsoft Visual Studio Solution File, Format Version 12.00
# Visual Studio Version 16
VisualStudioVersion = 16.0.29806.167
MinimumVisualStudioVersion = 10.0.40219.1
Project("{9A19103F-16F7-4668-BE54-9A1E7A4F7556}") = "YggdrAshill.Ragnarok", "YggdrAshill.Ragnarok\YggdrAshill.Ragnarok.csproj", "{C78F2113-6C44-46C9-87AB-EC34299A302C}"
EndProject
Project("{9A19103F-16F7-4668-BE54-9A1E7A4F7556}") = "YggdrAshill.Ragnarok.Specification", "YggdrAshill.Ragnarok.Specification\YggdrAshill.Ragnarok.Specification.csproj", "{68C259FE-DA1D-4445-9CF4-7C58D07A9AFB}"
EndProject
Project("{2150E333-8FDC-42A3-9474-1A3956D46DE8}") = "Solution Items", "Solution Items", "{9E682B21-AA54-4CB7-AB23-5EB93BAFC78C}"
	ProjectSection(SolutionItems) = preProject
		.editorconfig = .editorconfig
	EndProjectSection
EndProject
Project("{9A19103F-16F7-4668-BE54-9A1E7A4F7556}") = "YggdrAshill.Ragnarok.Samples", "YggdrAshill.Ragnarok.Samples\YggdrAshill.Ragnarok.Samples.csproj", "{BF4F0620-69F6-417D-9A20-7D1E164890AB}"
EndProject
Project("{FAE04EC0-301F-11D3-BF4B-00C04F79EFBC}") = "Construction", "Construction\Construction.csproj", "{DEC9D063-71B4-4FEC-9407-0D9DDAB411E5}"
EndProject
Project("{FAE04EC0-301F-11D3-BF4B-00C04F79EFBC}") = "Hierarchization", "Hierarchization\Hierarchization.csproj", "{ECED4B73-586A-4F0C-886B-9C9F3DE4873A}"
EndProject
Project("{FAE04EC0-301F-11D3-BF4B-00C04F79EFBC}") = "Composition", "Composition\Composition.csproj", "{43289E67-FF0C-4789-8C5E-6C29AB779441}"
EndProject
Project("{FAE04EC0-301F-11D3-BF4B-00C04F79EFBC}") = "Fabrication", "Fabrication\Fabrication.csproj", "{268711F8-FFAC-46E0-910B-AF11D5690413}"
EndProject
Project("{FAE04EC0-301F-11D3-BF4B-00C04F79EFBC}") = "Reflection", "Reflection\Reflection.csproj", "{548DAA1A-2E95-42B6-BE5E-4F88C5C48E63}"
EndProject
Project("{FAE04EC0-301F-11D3-BF4B-00C04F79EFBC}") = "Expression", "Expression\Expression.csproj", "{E4076F21-8502-45B2-BD68-70A914E328DE}"
EndProject
Project("{FAE04EC0-301F-11D3-BF4B-00C04F79EFBC}") = "Annotation", "Annotation\Annotation.csproj", "{217903F5-613D-4D41-9D25-C8C02B5E963C}"
EndProject
Global
	GlobalSection(SolutionConfigurationPlatforms) = preSolution
		Debug|Any CPU = Debug|Any CPU
		Release|Any CPU = Release|Any CPU
	EndGlobalSection
	GlobalSection(ProjectConfigurationPlatforms) = postSolution
		{C78F2113-6C44-46C9-87AB-EC34299A302C}.Debug|Any CPU.ActiveCfg = Debug|Any CPU
		{C78F2113-6C44-46C9-87AB-EC34299A302C}.Debug|Any CPU.Build.0 = Debug|Any CPU
		{C78F2113-6C44-46C9-87AB-EC34299A302C}.Release|Any CPU.ActiveCfg = Release|Any CPU
		{C78F2113-6C44-46C9-87AB-EC34299A302C}.Release|Any CPU.Build.0 = Release|Any CPU
		{68C259FE-DA1D-4445-9CF4-7C58D07A9AFB}.Debug|Any CPU.ActiveCfg = Debug|Any CPU
		{68C259FE-DA1D-4445-9CF4-7C58D07A9AFB}.Debug|Any CPU.Build.0 = Debug|Any CPU
		{68C259FE-DA1D-4445-9CF4-7C58D07A9AFB}.Release|Any CPU.ActiveCfg = Release|Any CPU
		{68C259FE-DA1D-4445-9CF4-7C58D07A9AFB}.Release|Any CPU.Build.0 = Release|Any CPU
		{BF4F0620-69F6-417D-9A20-7D1E164890AB}.Debug|Any CPU.ActiveCfg = Debug|Any CPU
		{BF4F0620-69F6-417D-9A20-7D1E164890AB}.Debug|Any CPU.Build.0 = Debug|Any CPU
		{BF4F0620-69F6-417D-9A20-7D1E164890AB}.Release|Any CPU.ActiveCfg = Release|Any CPU
		{BF4F0620-69F6-417D-9A20-7D1E164890AB}.Release|Any CPU.Build.0 = Release|Any CPU
		{DEC9D063-71B4-4FEC-9407-0D9DDAB411E5}.Debug|Any CPU.ActiveCfg = Debug|Any CPU
		{DEC9D063-71B4-4FEC-9407-0D9DDAB411E5}.Debug|Any CPU.Build.0 = Debug|Any CPU
		{DEC9D063-71B4-4FEC-9407-0D9DDAB411E5}.Release|Any CPU.ActiveCfg = Release|Any CPU
		{DEC9D063-71B4-4FEC-9407-0D9DDAB411E5}.Release|Any CPU.Build.0 = Release|Any CPU
		{ECED4B73-586A-4F0C-886B-9C9F3DE4873A}.Debug|Any CPU.ActiveCfg = Debug|Any CPU
		{ECED4B73-586A-4F0C-886B-9C9F3DE4873A}.Debug|Any CPU.Build.0 = Debug|Any CPU
		{ECED4B73-586A-4F0C-886B-9C9F3DE4873A}.Release|Any CPU.ActiveCfg = Release|Any CPU
		{ECED4B73-586A-4F0C-886B-9C9F3DE4873A}.Release|Any CPU.Build.0 = Release|Any CPU
		{43289E67-FF0C-4789-8C5E-6C29AB779441}.Debug|Any CPU.ActiveCfg = Debug|Any CPU
		{43289E67-FF0C-4789-8C5E-6C29AB779441}.Debug|Any CPU.Build.0 = Debug|Any CPU
		{43289E67-FF0C-4789-8C5E-6C29AB779441}.Release|Any CPU.ActiveCfg = Release|Any CPU
		{43289E67-FF0C-4789-8C5E-6C29AB779441}.Release|Any CPU.Build.0 = Release|Any CPU
		{268711F8-FFAC-46E0-910B-AF11D5690413}.Debug|Any CPU.ActiveCfg = Debug|Any CPU
		{268711F8-FFAC-46E0-910B-AF11D5690413}.Debug|Any CPU.Build.0 = Debug|Any CPU
		{268711F8-FFAC-46E0-910B-AF11D5690413}.Release|Any CPU.ActiveCfg = Release|Any CPU
		{268711F8-FFAC-46E0-910B-AF11D5690413}.Release|Any CPU.Build.0 = Release|Any CPU
		{548DAA1A-2E95-42B6-BE5E-4F88C5C48E63}.Debug|Any CPU.ActiveCfg = Debug|Any CPU
		{548DAA1A-2E95-42B6-BE5E-4F88C5C48E63}.Debug|Any CPU.Build.0 = Debug|Any CPU
		{548DAA1A-2E95-42B6-BE5E-4F88C5C48E63}.Release|Any CPU.ActiveCfg = Release|Any CPU
		{548DAA1A-2E95-42B6-BE5E-4F88C5C48E63}.Release|Any CPU.Build.0 = Release|Any CPU
		{E4076F21-8502-45B2-BD68-70A914E328DE}.Debug|Any CPU.ActiveCfg = Debug|Any CPU
		{E4076F21-8502-45B2-BD68-70A914E328DE}.Debug|Any CPU.Build.0 = Debug|Any CPU
		{E4076F21-8502-45B2-BD68-70A914E328DE}.Release|Any CPU.ActiveCfg = Release|Any CPU
		{E4076F21-8502-45B2-BD68-70A914E328DE}.Release|Any CPU.Build.0 = Release|Any CPU
		{217903F5-613D-4D41-9D25-C8C02B5E963C}.Debug|Any CPU.ActiveCfg = Debug|Any CPU
		{217903F5-613D-4D41-9D25-C8C02B5E963C}.Debug|Any CPU.Build.0 = Debug|Any CPU
		{217903F5-613D-4D41-9D25-C8C02B5E963C}.Release|Any CPU.ActiveCfg = Release|Any CPU
		{217903F5-613D-4D41-9D25-C8C02B5E963C}.Release|Any CPU.Build.0 = Release|Any CPU
	EndGlobalSection
	GlobalSection(SolutionProperties) = preSolution
		HideSolutionNode = FALSE
	EndGlobalSection
	GlobalSection(ExtensibilityGlobals) = postSolution
		SolutionGuid = {437276A0-3CA9-416D-A348-75B893E1269E}
	EndGlobalSection
EndGlobal
