
Microsoft Visual Studio Solution File, Format Version 12.00
# Visual Studio Version 16
VisualStudioVersion = 16.0.29806.167
MinimumVisualStudioVersion = 10.0.40219.1
Project("{FAE04EC0-301F-11D3-BF4B-00C04F79EFBC}") = "YggdrAshill.Ragnarok", "YggdrAshill.Ragnarok\YggdrAshill.Ragnarok.csproj", "{C78F2113-6C44-46C9-87AB-EC34299A302C}"
EndProject
Project("{FAE04EC0-301F-11D3-BF4B-00C04F79EFBC}") = "YggdrAshill.Ragnarok.Specification", "YggdrAshill.Ragnarok.Specification\YggdrAshill.Ragnarok.Specification.csproj", "{68C259FE-DA1D-4445-9CF4-7C58D07A9AFB}"
EndProject
Global
	GlobalSection(SolutionConfigurationPlatforms) = preSolution
		Debug|Any CPU = Debug|Any CPU
		Release|Any CPU = Release|Any CPU
	EndGlobalSection
	GlobalSection(ProjectConfigurationPlatforms) = postSolution
		{C78F2113-6C44-46C9-87AB-EC34299A302C}.Debug|Any CPU.ActiveCfg = Debug|Any CPU
		{C78F2113-6C44-46C9-87AB-EC34299A302C}.Debug|Any CPU.Build.0 = Debug|Any CPU
		{C78F2113-6C44-46C9-87AB-EC34299A302C}.Release|Any CPU.ActiveCfg = Release|Any CPU
		{C78F2113-6C44-46C9-87AB-EC34299A302C}.Release|Any CPU.Build.0 = Release|Any CPU
		{68C259FE-DA1D-4445-9CF4-7C58D07A9AFB}.Debug|Any CPU.ActiveCfg = Debug|Any CPU
		{68C259FE-DA1D-4445-9CF4-7C58D07A9AFB}.Debug|Any CPU.Build.0 = Debug|Any CPU
		{68C259FE-DA1D-4445-9CF4-7C58D07A9AFB}.Release|Any CPU.ActiveCfg = Release|Any CPU
		{68C259FE-DA1D-4445-9CF4-7C58D07A9AFB}.Release|Any CPU.Build.0 = Release|Any CPU
	EndGlobalSection
	GlobalSection(SolutionProperties) = preSolution
		HideSolutionNode = FALSE
	EndGlobalSection
	GlobalSection(ExtensibilityGlobals) = postSolution
		SolutionGuid = {437276A0-3CA9-416D-A348-75B893E1269E}
	EndGlobalSection
EndGlobal
